
Microsoft Visual Studio Solution File, Format Version 12.00
# Visual Studio Version 16
VisualStudioVersion = 16.0.31410.357
MinimumVisualStudioVersion = 10.0.40219.1
Project("{FAE04EC0-301F-11D3-BF4B-00C04F79EFBC}") = "ToDoList", "ToDoList\ToDoList.csproj", "{270B8D19-E3D4-4D7B-B7DD-FC5D404B25C9}"
EndProject
Global
	GlobalSection(SolutionConfigurationPlatforms) = preSolution
		Debug|Any CPU = Debug|Any CPU
		Release|Any CPU = Release|Any CPU
	EndGlobalSection
	GlobalSection(ProjectConfigurationPlatforms) = postSolution
		{270B8D19-E3D4-4D7B-B7DD-FC5D404B25C9}.Debug|Any CPU.ActiveCfg = Debug|Any CPU
		{270B8D19-E3D4-4D7B-B7DD-FC5D404B25C9}.Debug|Any CPU.Build.0 = Debug|Any CPU
		{270B8D19-E3D4-4D7B-B7DD-FC5D404B25C9}.Release|Any CPU.ActiveCfg = Release|Any CPU
		{270B8D19-E3D4-4D7B-B7DD-FC5D404B25C9}.Release|Any CPU.Build.0 = Release|Any CPU
	EndGlobalSection
	GlobalSection(SolutionProperties) = preSolution
		HideSolutionNode = FALSE
	EndGlobalSection
	GlobalSection(ExtensibilityGlobals) = postSolution
		SolutionGuid = {1B2A4956-CBEE-4153-937B-C5300B97CF4F}
	EndGlobalSection
EndGlobal
